lockfileVersion: '9.0'

settings:
  autoInstallPeers: true
  excludeLinksFromLockfile: false

importers:

  .:
    devDependencies:
      cssnano:
        specifier: 7.1.2
        version: 7.1.2(postcss@8.5.6)
      postcss:
        specifier: 8.5.6
        version: 8.5.6

packages:

  '@colordx/core@5.8.0':
    resolution: {integrity: sha512-cG0QJAO6VkaRUlIb0zOzX9gfJgs1pjoOL9gZ/PK1kfvBs0GCkADu5oQh6gPxXgQnZ3gV575h+lQRC0NlMDTclA==}

  baseline-browser-mapping@2.11.27:
    resolution: {integrity: sha512-ElY12DaROGuan+lMmZ8Cvo/ZUbXPe7Enc/9VU/b1T3Kp4dwytRcNdR8DoSJN5SNJT/CuvcCA0DHDVmMOCePdRQ==}
    engines: {node: '>=6.0.0'}
    hasBin: true

  boolbase@1.0.0:
    resolution: {integrity: sha512-JZOSA7Mo9sNGB8+UjSgzdLtokWAky1zbztM3WRLCbZ70/3cTANmQmOdR7y2g+J0e2WXywy1yS468tY+IruqEww==}

  browserslist@4.29.3:
    resolution: {integrity: sha512-1R4kiYKXGViqEN0CnoDrXc1StD9niAwu+j2dukWzrD4bJgsD4lDmEp0CRbc6E/vYJIfTHwPmwyaKtVSudICdPA==}
    engines: {node: ^6 || ^7 || ^8 || ^9 || ^10 || ^11 || ^12 || >=13.7}
    hasBin: true

  caniuse-api@3.0.0:
    resolution: {integrity: sha512-bsTwuIg/BZZK/vreVTYYbSWoe2F+71P7K5QGEX+pT250DZbfU1MQ5prOKpPR+LL6uWKK3KMwMCAS74QB3Um1uw==}

  caniuse-lite@1.0.30001814:
    resolution: {integrity: sha512-/Uaf1lAzr59XcMpW0o96WoEfr+VXK2OX4U9AgFoiSHsVJ4HppnIFUjtYzsyDH2+tgANaQb2/oxYGwCPapN1FpA==}

  commander@11.1.0:
    resolution: {integrity: sha512-yPVavfyCcRhmorC7rWlkHn15b4wDVgVmBA7kV4QVBsF7kv/9TKJAbAXVTxvTnwP8HHKjRCJDClKbciiYS7p0DQ==}
    engines: {node: '>=16'}

  css-declaration-sorter@7.4.0:
    resolution: {integrity: sha512-LTuzjPoyA2vMGKKcaOqKSp7Ub2eGrNfKiZH4LpezxpNrsICGCSFvsQOI29psISxNZtaXibkC2CXzrQ5enMeGGw==}
    engines: {node: ^14 || ^16 || >=18}
    peerDependencies:
      postcss: ^8.0.9

  css-select@6.0.0:
    resolution: {integrity: sha512-rZZVSLle8v0+EY8QAkDWrKhpgt6SA5OtHsgBnsj6ZaLb5dmDVOWUDtQitd9ydxxvEjhewNudS6eTVU7uOyzvXw==}

  css-tree@2.2.1:
    resolution: {integrity: sha512-OA0mILzGc1kCOCSJerOeqDxDQ4HOh+G8NbOJFOTgOCzpw7fCBubk0fEyxp8AgOL/jvLgYA/uV0cMbe43ElF1JA==}
    engines: {node: ^10 || ^12.20.0 || ^14.13.0 || >=15.0.0, npm: '>=7.0.0'}

  css-tree@3.2.1:
    resolution: {integrity: sha512-X7sjQzceUhu1u7Y/ylrRZFU2FS6LRiFVp6rKLPg23y3x3c3DOKAwuXGDp+PAGjh6CSnCjYeAul8pcT8bAl+lSA==}
    engines: {node: ^10 || ^12.20.0 || ^14.13.0 || >=15.0.0}

  css-what@7.0.0:
    resolution: {integrity: sha512-wD5oz5xibMOPHzy13CyGmogB3phdvcDaB5t0W/Nr5Z2O/agcB8YwOz6e2Lsp10pNDzBoDO9nVa3RGs/2BttpHQ==}
    engines: {node: '>= 6'}

  cssesc@3.0.0:
    resolution: {integrity: sha512-/Tb/JcjK111nNScGob5MNtsntNM1aCNUDipB/TkwZFhyDrrE47SOx/18wF2bbjgc3ZzCSKW1T5nt5EbFoAz/Vg==}
    engines: {node: '>=4'}
    hasBin: true

  cssnano-preset-default@7.0.17:
    resolution: {integrity: sha512-11qO63A+czwguQFJCaTdICvbaxn0pJzz/XghLlv+OT7WyToDxAMR0Xb3/26/l0y0hQJywwNbj/SLSQlGBHE1OA==}
    engines: {node: ^18.12.0 || ^20.9.0 || >=22.0}
    peerDependencies:
      postcss: ^8.5.13

  cssnano-utils@5.0.3:
    resolution: {integrity: sha512-ynIREMICLxkxm7e9bCR9sh75s4Q5drICi0ua1yxo5jH2XPBqSKkl4dOh4EbFqtUmnTMhRffHgYL0EKKkMjtJTg==}
    engines: {node: ^18.12.0 || ^20.9.0 || >=22.0}
    peerDependencies:
      postcss: ^8.5.13

  cssnano@7.1.2:
    resolution: {integrity: sha512-HYOPBsNvoiFeR1eghKD5C3ASm64v9YVyJB4Ivnl2gqKoQYvjjN/G0rztvKQq8OxocUtC6sjqY8jwYngIB4AByA==}
    engines: {node: ^18.12.0 || ^20.9.0 || >=22.0}
    peerDependencies:
      postcss: ^8.4.32

  csso@5.0.5:
    resolution: {integrity: sha512-0LrrStPOdJj+SPCCrGhzryycLjwcgUSHBtxNA8aIDxf0GLsRh1cKYhB00Gd1lDOS4yGH69+SNn13+TWbVHETFQ==}
    engines: {node: ^10 || ^12.20.0 || ^14.13.0 || >=15.0.0, npm: '>=7.0.0'}

  dom-serializer@2.0.0:
    resolution: {integrity: sha512-wIkAryiqt/nV5EQKqQpo3SToSOV9J0DnbJqwK7Wv/Trc92zIAYZ4FlMu+JPFW1DfGFt81ZTCGgDEabffXeLyJg==}

  domelementtype@2.3.0:
    resolution: {integrity: sha512-OLETBj6w0OsagBwdXnPdN0cnMfF9opN69co+7ZrbfPGrdpPVNBUj02spi6B1N7wChLQiPn4CSH/zJvXw56gmHw==}

  domhandler@5.0.3:
    resolution: {integrity: sha512-cgwlv/1iFQiFnU96XXgROh8xTeetsnJiDsTc7TYCLFd9+/WNkIqPTxiM/8pSd8VIrhXGTf1Ny1q1hquVqDJB5w==}
    engines: {node: '>= 4'}

  domutils@3.2.2:
    resolution: {integrity: sha512-6kZKyUajlDuqlHKVX1w7gyslj9MPIXzIFiz/rGu35uC1wMi+kMhQwGhl4lt9unC9Vb9INnY9Z3/ZA3+FhASLaw==}

  electron-to-chromium@1.5.444:
    resolution: {integrity: sha512-5ss/uJfoDYDHT0lfJzT6FbcskIzROIOPf0BbbFkGcvDzoJU7i//9GDrwwIHQVmIsrAGiF3ihpADBRIsrEFt1rQ==}

  entities@4.5.0:
    resolution: {integrity: sha512-V0hjH4dGPh9Ao5p0MoRY6BVqtwCjhz6vI5LT8AJ55H+4g9/4vbHx1I54fS0XuclLhDHArPQCiMjDxjaL8fPxhw==}
    engines: {node: '>=0.12'}

  escalade@3.2.0:
    resolution: {integrity: sha512-WUj2qlxaQtO4g6Pq5c29GTcWGDyd8itL8zTlipgECz3JesAiiOKotd8JU6otB3PACgG6xkJUyVhboMS+bje/jA==}
    engines: {node: '>=6'}

  lilconfig@3.1.3:
    resolution: {integrity: sha512-/vlFKAoH5Cgt3Ie+JLhRbwOsCQePABiU3tJ1egGvyQ+33R/vcwM2Zl2QR/LzjsBeItPt3oSVXapn+m4nQDvpzw==}
    engines: {node: '>=14'}

  lodash.memoize@4.1.2:
    resolution: {integrity: sha512-t7j+NzmgnQzTAYXcsHYLgimltOV1MXHtlOWf6GjL9Kj8GK5FInw5JotxvbOs+IvV1/Dzo04/fCGfLVs7aXb4Ag==}

  lodash.uniq@4.5.0:
    resolution: {integrity: sha512-xfBaXQd9ryd9dlSDvnvI0lvxfLJlYAZzXomUYzLKtUeOQvOP5piqAWuGtrhWeqaXK9hhoM/iyJc5AV+XfsX3HQ==}

  mdn-data@2.0.28:
    resolution: {integrity: sha512-aylIc7Z9y4yzHYAJNuESG3hfhC+0Ibp/MAMiaOZgNv4pmEdFyfZhhhny4MNiAfWdBQ1RQ2mfDWmM1x8SvGyp8g==}

  mdn-data@2.27.1:
    resolution: {integrity: sha512-9Yubnt3e8A0OKwxYSXyhLymGW4sCufcLG6VdiDdUGVkPhpqLxlvP5vl1983gQjJl3tqbrM731mjaZaP68AgosQ==}

  nanoid@3.3.19:
    resolution: {integrity: sha512-Y2tUNy4ouw6tq5oDSKeQYGOyhkUBhNOcGV/02KC+6kd9eDGqdZd++mjMiIDilrBYvjEnCYvVtsuHCuP+okSfug==}
    engines: {node: ^10 || ^12 || ^13.7 || ^14 || >=15.0.1}
    hasBin: true

  node-releases@2.0.57:
    resolution: {integrity: sha512-kQK9LGGFiHtrWiNhZtA7Qbw17AQz+dmsEKODRIVTXA9+e5MS/2gZEBhYJt13GrAz5/IOZKddH/0Z3TP/Zgo+yw==}
    engines: {node: '>=18'}

  nth-check@2.1.1:
    resolution: {integrity: sha512-lqjrjmaOoAnWfMmBPL+XNnynZh2+swxiX3WUE0s4yEHI6m+AwrK2UZOimIRl3X/4QctVqS8AiZjFqyOGrMXb/w==}

  picocolors@1.1.1:
    resolution: {integrity: sha512-xceH2snhtb5M9liqDsmEw56le376mTZkEX/jEb/RxNFyegNul7eNslCXP9FDj/Lcu0X8KEyMceP2ntpaHrDEVA==}

  postcss-calc@10.1.1:
    resolution: {integrity: sha512-NYEsLHh8DgG/PRH2+G9BTuUdtf9ViS+vdoQ0YA5OQdGsfN4ztiwtDWNtBl9EKeqNMFnIu8IKZ0cLxEQ5r5KVMw==}
    engines: {node: ^18.12 || ^20.9 || >=22.0}
    peerDependencies:
      postcss: ^8.4.38

  postcss-colormin@7.0.10:
    resolution: {integrity: sha512-yFr6JezOolHLta/buLE71VKPh2mXursp4saVe98/ol8ZnEWhL+racShqPKlvd/DKWLre/39B6HhcMXf7RZ3hxg==}
    engines: {node: ^18.12.0 || ^20.9.0 || >=22.0}
    peerDependencies:
      postcss: ^8.5.13

  postcss-convert-values@7.0.12:
    resolution: {integrity: sha512-xurKu5qqk4viR3Cp3p4xBR4KfnZm4w4ys6+UBwBmeuBSNkH7+DtLnYOYnOffgtE4yx8sH9S1VZ6RAAvROXzP2Q==}
    engines: {node: ^18.12.0 || ^20.9.0 || >=22.0}
    peerDependencies:
      postcss: ^8.5.13

  postcss-discard-comments@7.0.8:
    resolution: {integrity: sha512-CvvS5S9WrXblFXCEJ9nVo+4z+eA7zSC7Z88V1HEJuwlQhlFnYTIjg1xJY+BCUiG2bvICap2tXii4mP22BD108Q==}
    engines: {node: ^18.12.0 || ^20.9.0 || >=22.0}
    peerDependencies:
      postcss: ^8.5.13

  postcss-discard-duplicates@7.0.4:
    resolution: {integrity: sha512-VBNn1+EuMZkeGVVtz0gRfbNGtx9IFgAsAV+E2pHtXPrp4qfGBkhTIiAuE/wrb+Y6Pakg9NewAlfTpYIFAWODtw==}
    engines: {node: ^18.12.0 || ^20.9.0 || >=22.0}
    peerDependencies:
      postcss: ^8.5.13

  postcss-discard-empty@7.0.3:
    resolution: {integrity: sha512-M2pyjQCU+/7cMHVtL6bKTHjv0lZnPLMpicgr67Dlth7AbuV9gjVTtUqaRwn6Pp6BwSDspUzhz8SaUrRykJU5Dw==}
    engines: {node: ^18.12.0 || ^20.9.0 || >=22.0}
    peerDependencies:
      postcss: ^8.5.13

  postcss-discard-overridden@7.0.3:
    resolution: {integrity: sha512-aNovXo9UsZuRNLzHJtp13lHIvinDPfiXBPePpXkSjCbgp++iU2FqE+YxvjIsg6EdyPZsASFbfu+JcBFVsErXIQ==}
    engines: {node: ^18.12.0 || ^20.9.0 || >=22.0}
    peerDependencies:
      postcss: ^8.5.13

  postcss-merge-longhand@7.0.7:
    resolution: {integrity: sha512-b3mfYUxR388u5Pt0HPcVIUtUDn/k15UfTY9M+ORW+meCR6JLNxoZffiYvXyOYQoRYQNZyX/UFkMCM/mNHxe1qA==}
    engines: {node: ^18.12.0 || ^20.9.0 || >=22.0}
    peerDependencies:
      postcss: ^8.5.13

  postcss-merge-rules@7.0.11:
    resolution: {integrity: sha512-SJUPM18g2BmPhf8BVlbwqWz4aK3pLu6u6xjfwEzra7xL6IBR10sUaiB++EzqcVfadPHrKBSMlNdP+XieykhI+Q==}
    engines: {node: ^18.12.0 || ^20.9.0 || >=22.0}
    peerDependencies:
      postcss: ^8.5.13

  postcss-minify-font-values@7.0.3:
    resolution: {integrity: sha512-yilG/VOaNI74IylQvAQQxm3/wZVBkXyYUqNUAdxqwtbWUXPsbK1q8Ms0mL83v+f8YicgcyfYCRZtWACUdYajpA==}
    engines: {node: ^18.12.0 || ^20.9.0 || >=22.0}
    peerDependencies:
      postcss: ^8.5.13

  postcss-minify-gradients@7.0.5:
    resolution: {integrity: sha512-YraROyQRg3BI1+Hg8E05B/JPdnTm8EDSVu4P2BxdM+CRiOyfmou809+chGIqo6fQqwjPGQ947nbGncSjmTU1WQ==}
    engines: {node: ^18.12.0 || ^20.9.0 || >=22.0}
    peerDependencies:
      postcss: ^8.5.13

  postcss-minify-params@7.0.9:
    resolution: {integrity: sha512-R8itbB8BhlpoYyBm1ou0dD+vJnQ3F6adQipR4UnkCHUwlo+S9WXJaDRg1RHjC8YVAtIdrQzSWvJl40HnGDTKjA==}
    engines: {node: ^18.12.0 || ^20.9.0 || >=22.0}
    peerDependencies:
      postcss: ^8.5.13

  postcss-minify-selectors@7.1.2:
    resolution: {integrity: sha512-aQtrEWKwqafNlExcKHQvPGsXR2+vlUqqJtf5XsCQcgsSb5PL4wlujWBYDJuWsP4UnQX1YHDHU8qRlD+1PzTQ+Q==}
    engines: {node: ^18.12.0 || ^20.9.0 || >=22.0}
    peerDependencies:
      postcss: ^8.5.13

  postcss-normalize-charset@7.0.3:
    resolution: {integrity: sha512-NoBfZu8PR4c2NlmjvrqQTzCzLY79hwcSRgNQ3ZiNK0ABzf9kYKloE/jNj+/8GQY1wsm8pRRgANk6ydLH8cwo0Q==}
    engines: {node: ^18.12.0 || ^20.9.0 || >=22.0}
    peerDependencies:
      postcss: ^8.5.13

  postcss-normalize-display-values@7.0.3:
    resolution: {integrity: sha512-ldsCX0QIt05pKIOobZtVQ48wXJecr+czw4+e1/YjVhLMqslShgpVxgPtI2CefURR8oyVoYaU/l829MMwExDMLw==}
    engines: {node: ^18.12.0 || ^20.9.0 || >=22.0}
    peerDependencies:
      postcss: ^8.5.13

  postcss-normalize-positions@7.0.4:
    resolution: {integrity: sha512-VEvlpeGd3Ju1Hqa/oN4jaP3+ms4laYwkEL9N9u+B6k54PZjXbW1n6wI+aVprf1BQXlCYpS5+1pl/7/vHiKgARg==}
    engines: {node: ^18.12.0 || ^20.9.0 || >=22.0}
    peerDependencies:
      postcss: ^8.5.13

  postcss-normalize-repeat-style@7.0.4:
    resolution: {integrity: sha512-6mPKlY/8cSaDHxX502wERADarJsccwlky6yIrOapHH2ZgfoKAV94SbiTKfKEs4EEpdazuc3J72WsqeYk7hp9+Q==}
    engines: {node: ^18.12.0 || ^20.9.0 || >=22.0}
    peerDependencies:
      postcss: ^8.5.13

  postcss-normalize-string@7.0.3:
    resolution: {integrity: sha512-HnEQPUchi1eznmDKEYrKUTqrprEq97SrpUYClgUkv7V2zRODD9DFoUsYU+m9ZOetmD5ku7fEMZB/lwy8IT6xVQ==}
    engines: {node: ^18.12.0 || ^20.9.0 || >=22.0}
    peerDependencies:
      postcss: ^8.5.13

  postcss-normalize-timing-functions@7.0.3:
    resolution: {integrity: sha512-zmEzHdvpZBZu0OKlbJSfgASQvaayyAoVuWtvyr34IJ/LyS+DaOKvvR3EvFJ9RWWtNIx+CMvO125OVophaxNYew==}
    engines: {node: ^18.12.0 || ^20.9.0 || >=22.0}
    peerDependencies:
      postcss: ^8.5.13

  postcss-normalize-unicode@7.0.9:
    resolution: {integrity: sha512-DRAdWfeh/TjmhLJsw91vdiWCnUod9iwvM7xyS02/nF/sLsCR3A8l3pztrSUrWG8DSBqfX7yEk9FM0USaVJ2mSg==}
    engines: {node: ^18.12.0 || ^20.9.0 || >=22.0}
    peerDependencies:
      postcss: ^8.5.13

  postcss-normalize-url@7.0.3:
    resolution: {integrity: sha512-CL93wmloq5qsffmFv+bw24MIRbmhHrp53qoh1LDAb/5TtjWEXI/np4xcP/Gw9oWCb2XyWnqHYLDUwiKRoJBA1Q==}
    engines: {node: ^18.12.0 || ^20.9.0 || >=22.0}
    peerDependencies:
      postcss: ^8.5.13

  postcss-normalize-whitespace@7.0.3:
    resolution: {integrity: sha512-FdHjjn+Ht5Z2ZRjNOmeCbNq6lq09sUYKpmlF/Aq0XjVNSLTL6fmHlA/3swN2wP2caY9GV/tjSDcIIyS7aN7W0A==}
    engines: {node: ^18.12.0 || ^20.9.0 || >=22.0}
    peerDependencies:
      postcss: ^8.5.13

  postcss-ordered-values@7.0.4:
    resolution: {integrity: sha512-nubSi49hDHQk4E8KIj+IbLY8Bg+8OcSUEhgyolgM+atnOvXjV7EjaR6bac4YGZoFyPa9mWoAF3EaYbWdFkKqVg==}
    engines: {node: ^18.12.0 || ^20.9.0 || >=22.0}
    peerDependencies:
      postcss: ^8.5.13

  postcss-reduce-initial@7.0.9:
    resolution: {integrity: sha512-ztTNPdIxXTxtBcG03E9u8v44M4ElXbMIRT7pf2onlquGula0Y83nKKxqM22FA/hMgkfCjN7ohevkVlaNwI8iOQ==}
    engines: {node: ^18.12.0 || ^20.9.0 || >=22.0}
    peerDependencies:
      postcss: ^8.5.13

  postcss-reduce-transforms@7.0.3:
    resolution: {integrity: sha512-FXsnN9ZwcZTT8Yf8cAHA8qIGUXcX6WfLd9JoYhrdDfmvsVhhfqkkv7m4AC3rwFOfz+GzkUa87OCKF9dUcicd+g==}
    engines: {node: ^18.12.0 || ^20.9.0 || >=22.0}
    peerDependencies:
      postcss: ^8.5.13

  postcss-selector-parser@7.1.6:
    resolution: {integrity: sha512-7qASPzhKF2l2KLboRZux8CCTRMdGiV08vWmyKzPz22qZ7ZjQBOeY7rNzNoCLSUiftJ7HUq0GERHmxw/t0dCdMw==}
    engines: {node: '>=4'}

  postcss-svgo@7.1.3:
    resolution: {integrity: sha512-2QfoFOYMcj8lwcVEf9WeTlkVIAm7u2QvOEhMzkQU3KUhhGX/l8hVV9EtjMv4iq3E9iI3OeeMN0YoMLbGusuigw==}
    engines: {node: ^18.12.0 || ^20.9.0 || >= 18}
    peerDependencies:
      postcss: ^8.5.13

  postcss-unique-selectors@7.0.7:
    resolution: {integrity: sha512-d+sCkaRnSefghOUdH8CMJZV9yUQhj2ojpe8Nw/lA+LV1UOfeleGkLTl6XdCFFSai9UJ+DJPb69FFuqthXYsY8w==}
    engines: {node: ^18.12.0 || ^20.9.0 || >=22.0}
    peerDependencies:
      postcss: ^8.5.13

  postcss-value-parser@4.2.0:
    resolution: {integrity: sha512-1NNCs6uurfkVbeXG4S8JFT9t19m45ICnif8zWLd5oPSZ50QnwMfK+H3jv408d4jw/7Bttv5axS5IiHoLaVNHeQ==}

  postcss@8.5.6:
    resolution: {integrity: sha512-3Ybi1tAuwAP9s0r1UQ2J4n5Y0G05bJkpUIO0/bI9MhwmD70S5aTWbXGBwxHrelT+XM1k6dM0pk+SwNkpTRN7Pg==}
    engines: {node: ^10 || ^12 || >=14}

  sax@1.6.1:
    resolution: {integrity: sha512-42tBVwLWnaQvW5zc4HbZrTuWccECCZfBi92FDuwtqxasH+JbPB3/FOKb1m222K42R4WxuxzzMsTswfzgtSu64Q==}
    engines: {node: '>=11.0.0'}

  source-map-js@1.2.2:
    resolution: {integrity: sha512-KGj/8Y43x35aZVDtt+J4mK1hoLGHULMYfSkODJNQjNDC3oW1PqPoxMwo0pLUsWM/UEGzON/NxeHywEfNXNP3Vw==}
    engines: {node: '>=0.10.0'}

  stylehacks@7.0.11:
    resolution: {integrity: sha512-iODNfhXVLqc5LADs+Y6Oh5wJuK5ZcHbVng8aiK3y9pjMQdc5hLrBW0eFU6FtnpNrE6PoEg/MmFTU4waotj5WNg==}
    engines: {node: ^18.12.0 || ^20.9.0 || >=22.0}
    peerDependencies:
      postcss: ^8.5.13

  svgo@4.1.0:
    resolution: {integrity: sha512-bkxnTg1kSU0guhIBmibA6UUhrQmPVA1XsQLN+ylCd+UWzbnLkySOcXpyk1mrl05f+pcaCx2eHb+sp6BgMZWX+Q==}
    engines: {node: '>=16'}
    hasBin: true

  update-browserslist-db@1.3.3:
    resolution: {integrity: sha512-pJ2sYawQS0R/WI928Gj5GlPhTGzbMelq0+4INtSYNDV9ErKJcX6xjGWkoG/VnB3dpUm00zALaqkrUD77pO5TDQ==}
    hasBin: true
    peerDependencies:
      browserslist: '>= 4.21.0'

  util-deprecate@1.0.2:
    resolution: {integrity: sha512-EPD5q1uXyFxJpCrLnCc1nHnq3gOa6DZBocAIiI2TaSCA7VCJ1UJDMagCzIkXNsUYfD1daK//LTEQ8xiIbrHtcw==}

snapshots:

  '@colordx/core@5.8.0': {}

  baseline-browser-mapping@2.11.27: {}

  boolbase@1.0.0: {}

  browserslist@4.29.3:
    dependencies:
      baseline-browser-mapping: 2.11.27
      caniuse-lite: 1.0.30001814
      electron-to-chromium: 1.5.444
      node-releases: 2.0.57
      update-browserslist-db: 1.3.3(browserslist@4.29.3)

  caniuse-api@3.0.0:
    dependencies:
      browserslist: 4.29.3
      caniuse-lite: 1.0.30001814
      lodash.memoize: 4.1.2
      lodash.uniq: 4.5.0

  caniuse-lite@1.0.30001814: {}

  commander@11.1.0: {}

  css-declaration-sorter@7.4.0(postcss@8.5.6):
    dependencies:
      postcss: 8.5.6

  css-select@6.0.0:
    dependencies:
      boolbase: 1.0.0
      css-what: 7.0.0
      domhandler: 5.0.3
      domutils: 3.2.2
      nth-check: 2.1.1

  css-tree@2.2.1:
    dependencies:
      mdn-data: 2.0.28
      source-map-js: 1.2.2

  css-tree@3.2.1:
    dependencies:
      mdn-data: 2.27.1
      source-map-js: 1.2.2

  css-what@7.0.0: {}

  cssesc@3.0.0: {}

  cssnano-preset-default@7.0.17(postcss@8.5.6):
    dependencies:
      browserslist: 4.29.3
      css-declaration-sorter: 7.4.0(postcss@8.5.6)
      cssnano-utils: 5.0.3(postcss@8.5.6)
      postcss: 8.5.6
      postcss-calc: 10.1.1(postcss@8.5.6)
      postcss-colormin: 7.0.10(postcss@8.5.6)
      postcss-convert-values: 7.0.12(postcss@8.5.6)
      postcss-discard-comments: 7.0.8(postcss@8.5.6)
      postcss-discard-duplicates: 7.0.4(postcss@8.5.6)
      postcss-discard-empty: 7.0.3(postcss@8.5.6)
      postcss-discard-overridden: 7.0.3(postcss@8.5.6)
      postcss-merge-longhand: 7.0.7(postcss@8.5.6)
      postcss-merge-rules: 7.0.11(postcss@8.5.6)
      postcss-minify-font-values: 7.0.3(postcss@8.5.6)
      postcss-minify-gradients: 7.0.5(postcss@8.5.6)
      postcss-minify-params: 7.0.9(postcss@8.5.6)
      postcss-minify-selectors: 7.1.2(postcss@8.5.6)
      postcss-normalize-charset: 7.0.3(postcss@8.5.6)
      postcss-normalize-display-values: 7.0.3(postcss@8.5.6)
      postcss-normalize-positions: 7.0.4(postcss@8.5.6)
      postcss-normalize-repeat-style: 7.0.4(postcss@8.5.6)
      postcss-normalize-string: 7.0.3(postcss@8.5.6)
      postcss-normalize-timing-functions: 7.0.3(postcss@8.5.6)
      postcss-normalize-unicode: 7.0.9(postcss@8.5.6)
      postcss-normalize-url: 7.0.3(postcss@8.5.6)
      postcss-normalize-whitespace: 7.0.3(postcss@8.5.6)
      postcss-ordered-values: 7.0.4(postcss@8.5.6)
      postcss-reduce-initial: 7.0.9(postcss@8.5.6)
      postcss-reduce-transforms: 7.0.3(postcss@8.5.6)
      postcss-svgo: 7.1.3(postcss@8.5.6)
      postcss-unique-selectors: 7.0.7(postcss@8.5.6)

  cssnano-utils@5.0.3(postcss@8.5.6):
    dependencies:
      postcss: 8.5.6

  cssnano@7.1.2(postcss@8.5.6):
    dependencies:
      cssnano-preset-default: 7.0.17(postcss@8.5.6)
      lilconfig: 3.1.3
      postcss: 8.5.6

  csso@5.0.5:
    dependencies:
      css-tree: 2.2.1

  dom-serializer@2.0.0:
    dependencies:
      domelementtype: 2.3.0
      domhandler: 5.0.3
      entities: 4.5.0

  domelementtype@2.3.0: {}

  domhandler@5.0.3:
    dependencies:
      domelementtype: 2.3.0

  domutils@3.2.2:
    dependencies:
      dom-serializer: 2.0.0
      domelementtype: 2.3.0
      domhandler: 5.0.3

  electron-to-chromium@1.5.444: {}

  entities@4.5.0: {}

  escalade@3.2.0: {}

  lilconfig@3.1.3: {}

  lodash.memoize@4.1.2: {}

  lodash.uniq@4.5.0: {}

  mdn-data@2.0.28: {}

  mdn-data@2.27.1: {}

  nanoid@3.3.19: {}

  node-releases@2.0.57: {}

  nth-check@2.1.1:
    dependencies:
      boolbase: 1.0.0

  picocolors@1.1.1: {}

  postcss-calc@10.1.1(postcss@8.5.6):
    dependencies:
      postcss: 8.5.6
      postcss-selector-parser: 7.1.6
      postcss-value-parser: 4.2.0

  postcss-colormin@7.0.10(postcss@8.5.6):
    dependencies:
      '@colordx/core': 5.8.0
      browserslist: 4.29.3
      caniuse-api: 3.0.0
      postcss: 8.5.6
      postcss-value-parser: 4.2.0

  postcss-convert-values@7.0.12(postcss@8.5.6):
    dependencies:
      browserslist: 4.29.3
      postcss: 8.5.6
      postcss-value-parser: 4.2.0

  postcss-discard-comments@7.0.8(postcss@8.5.6):
    dependencies:
      postcss: 8.5.6
      postcss-selector-parser: 7.1.6

  postcss-discard-duplicates@7.0.4(postcss@8.5.6):
    dependencies:
      postcss: 8.5.6

  postcss-discard-empty@7.0.3(postcss@8.5.6):
    dependencies:
      postcss: 8.5.6

  postcss-discard-overridden@7.0.3(postcss@8.5.6):
    dependencies:
      postcss: 8.5.6

  postcss-merge-longhand@7.0.7(postcss@8.5.6):
    dependencies:
      postcss: 8.5.6
      postcss-value-parser: 4.2.0
      stylehacks: 7.0.11(postcss@8.5.6)

  postcss-merge-rules@7.0.11(postcss@8.5.6):
    dependencies:
      browserslist: 4.29.3
      caniuse-api: 3.0.0
      cssnano-utils: 5.0.3(postcss@8.5.6)
      postcss: 8.5.6
      postcss-selector-parser: 7.1.6

  postcss-minify-font-values@7.0.3(postcss@8.5.6):
    dependencies:
      postcss: 8.5.6
      postcss-value-parser: 4.2.0

  postcss-minify-gradients@7.0.5(postcss@8.5.6):
    dependencies:
      '@colordx/core': 5.8.0
      cssnano-utils: 5.0.3(postcss@8.5.6)
      postcss: 8.5.6
      postcss-value-parser: 4.2.0

  postcss-minify-params@7.0.9(postcss@8.5.6):
    dependencies:
      browserslist: 4.29.3
      cssnano-utils: 5.0.3(postcss@8.5.6)
      postcss: 8.5.6
      postcss-value-parser: 4.2.0

  postcss-minify-selectors@7.1.2(postcss@8.5.6):
    dependencies:
      browserslist: 4.29.3
      caniuse-api: 3.0.0
      cssesc: 3.0.0
      postcss: 8.5.6
      postcss-selector-parser: 7.1.6

  postcss-normalize-charset@7.0.3(postcss@8.5.6):
    dependencies:
      postcss: 8.5.6

  postcss-normalize-display-values@7.0.3(postcss@8.5.6):
    dependencies:
      postcss: 8.5.6
      postcss-value-parser: 4.2.0

  postcss-normalize-positions@7.0.4(postcss@8.5.6):
    dependencies:
      postcss: 8.5.6
      postcss-value-parser: 4.2.0

  postcss-normalize-repeat-style@7.0.4(postcss@8.5.6):
    dependencies:
      postcss: 8.5.6
      postcss-value-parser: 4.2.0

  postcss-normalize-string@7.0.3(postcss@8.5.6):
    dependencies:
      postcss: 8.5.6
      postcss-value-parser: 4.2.0

  postcss-normalize-timing-functions@7.0.3(postcss@8.5.6):
    dependencies:
      postcss: 8.5.6
      postcss-value-parser: 4.2.0

  postcss-normalize-unicode@7.0.9(postcss@8.5.6):
    dependencies:
      browserslist: 4.29.3
      postcss: 8.5.6
      postcss-value-parser: 4.2.0

  postcss-normalize-url@7.0.3(postcss@8.5.6):
    dependencies:
      postcss: 8.5.6
      postcss-value-parser: 4.2.0

  postcss-normalize-whitespace@7.0.3(postcss@8.5.6):
    dependencies:
      postcss: 8.5.6
      postcss-value-parser: 4.2.0

  postcss-ordered-values@7.0.4(postcss@8.5.6):
    dependencies:
      cssnano-utils: 5.0.3(postcss@8.5.6)
      postcss: 8.5.6
      postcss-value-parser: 4.2.0

  postcss-reduce-initial@7.0.9(postcss@8.5.6):
    dependencies:
      browserslist: 4.29.3
      caniuse-api: 3.0.0
      postcss: 8.5.6

  postcss-reduce-transforms@7.0.3(postcss@8.5.6):
    dependencies:
      postcss: 8.5.6
      postcss-value-parser: 4.2.0

  postcss-selector-parser@7.1.6:
    dependencies:
      cssesc: 3.0.0
      util-deprecate: 1.0.2

  postcss-svgo@7.1.3(postcss@8.5.6):
    dependencies:
      postcss: 8.5.6
      postcss-value-parser: 4.2.0
      svgo: 4.1.0

  postcss-unique-selectors@7.0.7(postcss@8.5.6):
    dependencies:
      postcss: 8.5.6
      postcss-selector-parser: 7.1.6

  postcss-value-parser@4.2.0: {}

  postcss@8.5.6:
    dependencies:
      nanoid: 3.3.19
      picocolors: 1.1.1
      source-map-js: 1.2.2

  sax@1.6.1: {}

  source-map-js@1.2.2: {}

  stylehacks@7.0.11(postcss@8.5.6):
    dependencies:
      browserslist: 4.29.3
      postcss: 8.5.6
      postcss-selector-parser: 7.1.6

  svgo@4.1.0:
    dependencies:
      commander: 11.1.0
      css-select: 6.0.0
      css-tree: 3.2.1
      css-what: 7.0.0
      csso: 5.0.5
      picocolors: 1.1.1
      sax: 1.6.1

  update-browserslist-db@1.3.3(browserslist@4.29.3):
    dependencies:
      browserslist: 4.29.3
      escalade: 3.2.0
      picocolors: 1.1.1

  util-deprecate@1.0.2: {}
